
Microsoft Visual Studio Solution File, Format Version 12.00
# Visual Studio Version 17
VisualStudioVersion = 17.0.31903.59
MinimumVisualStudioVersion = 10.0.40219.1
Project("{FAE04EC0-301F-11D3-BF4B-00C04F79EFBC}") = "LearningMergeSort", "LearningMergeSort\LearningMergeSort.csproj", "{FB49B31F-F3B7-4B59-8D03-5F636737A956}"
EndProject
Project("{FAE04EC0-301F-11D3-BF4B-00C04F79EFBC}") = "LearningMergeSort.Tests", "LearningMergeSort.Tests\LearningMergeSort.Tests.csproj", "{D8B032C5-EB68-40D3-AF39-72905596605C}"
EndProject
Global
	GlobalSection(SolutionConfigurationPlatforms) = preSolution
		Debug|Any CPU = Debug|Any CPU
		Debug|x64 = Debug|x64
		Debug|x86 = Debug|x86
		Release|Any CPU = Release|Any CPU
		Release|x64 = Release|x64
		Release|x86 = Release|x86
	EndGlobalSection
	GlobalSection(ProjectConfigurationPlatforms) = postSolution
		{FB49B31F-F3B7-4B59-8D03-5F636737A956}.Debug|Any CPU.ActiveCfg = Debug|Any CPU
		{FB49B31F-F3B7-4B59-8D03-5F636737A956}.Debug|Any CPU.Build.0 = Debug|Any CPU
		{FB49B31F-F3B7-4B59-8D03-5F636737A956}.Debug|x64.ActiveCfg = Debug|Any CPU
		{FB49B31F-F3B7-4B59-8D03-5F636737A956}.Debug|x64.Build.0 = Debug|Any CPU
		{FB49B31F-F3B7-4B59-8D03-5F636737A956}.Debug|x86.ActiveCfg = Debug|Any CPU
		{FB49B31F-F3B7-4B59-8D03-5F636737A956}.Debug|x86.Build.0 = Debug|Any CPU
		{FB49B31F-F3B7-4B59-8D03-5F636737A956}.Release|Any CPU.ActiveCfg = Release|Any CPU
		{FB49B31F-F3B7-4B59-8D03-5F636737A956}.Release|Any CPU.Build.0 = Release|Any CPU
		{FB49B31F-F3B7-4B59-8D03-5F636737A956}.Release|x64.ActiveCfg = Release|Any CPU
		{FB49B31F-F3B7-4B59-8D03-5F636737A956}.Release|x64.Build.0 = Release|Any CPU
		{FB49B31F-F3B7-4B59-8D03-5F636737A956}.Release|x86.ActiveCfg = Release|Any CPU
		{FB49B31F-F3B7-4B59-8D03-5F636737A956}.Release|x86.Build.0 = Release|Any CPU
		{D8B032C5-EB68-40D3-AF39-72905596605C}.Debug|Any CPU.ActiveCfg = Debug|Any CPU
		{D8B032C5-EB68-40D3-AF39-72905596605C}.Debug|Any CPU.Build.0 = Debug|Any CPU
		{D8B032C5-EB68-40D3-AF39-72905596605C}.Debug|x64.ActiveCfg = Debug|Any CPU
		{D8B032C5-EB68-40D3-AF39-72905596605C}.Debug|x64.Build.0 = Debug|Any CPU
		{D8B032C5-EB68-40D3-AF39-72905596605C}.Debug|x86.ActiveCfg = Debug|Any CPU
		{D8B032C5-EB68-40D3-AF39-72905596605C}.Debug|x86.Build.0 = Debug|Any CPU
		{D8B032C5-EB68-40D3-AF39-72905596605C}.Release|Any CPU.ActiveCfg = Release|Any CPU
		{D8B032C5-EB68-40D3-AF39-72905596605C}.Release|Any CPU.Build.0 = Release|Any CPU
		{D8B032C5-EB68-40D3-AF39-72905596605C}.Release|x64.ActiveCfg = Release|Any CPU
		{D8B032C5-EB68-40D3-AF39-72905596605C}.Release|x64.Build.0 = Release|Any CPU
		{D8B032C5-EB68-40D3-AF39-72905596605C}.Release|x86.ActiveCfg = Release|Any CPU
		{D8B032C5-EB68-40D3-AF39-72905596605C}.Release|x86.Build.0 = Release|Any CPU
	EndGlobalSection
	GlobalSection(SolutionProperties) = preSolution
		HideSolutionNode = FALSE
	EndGlobalSection
EndGlobal
